// !$*UTF8*$!
{
	archiveVersion = 1;
	classes = {
	};
	objectVersion = 50;
	objects = {

/* Begin PBXBuildFile section */
		BCC54DB4240A164000D3C38E /* AppDelegate.m in Sources */ = {isa = PBXBuildFile; fileRef = BCC54DB3240A164000D3C38E /* AppDelegate.m */; };
		BCC54DB7240A164000D3C38E /* SceneDelegate.m in Sources */ = {isa = PBXBuildFile; fileRef = BCC54DB6240A164000D3C38E /* SceneDelegate.m */; };
		BCC54DBD240A164000D3C38E /* Main.storyboard in Resources */ = {isa = PBXBuildFile; fileRef = BCC54DBB240A164000D3C38E /* Main.storyboard */; };
		BCC54DBF240A164500D3C38E /* Assets.xcassets in Resources */ = {isa = PBXBuildFile; fileRef = BCC54DBE240A164500D3C38E /* Assets.xcassets */; };
		BCC54DC2240A164500D3C38E /* LaunchScreen.storyboard in Resources */ = {isa = PBXBuildFile; fileRef = BCC54DC0240A164500D3C38E /* LaunchScreen.storyboard */; };
		BCC54DC5240A164500D3C38E /* main.m in Sources */ = {isa = PBXBuildFile; fileRef = BCC54DC4240A164500D3C38E /* main.m */; };
		BCC54DCF240A164500D3C38E /* Coupa_DemoTests.m in Sources */ = {isa = PBXBuildFile; fileRef = BCC54DCE240A164500D3C38E /* Coupa_DemoTests.m */; };
		BCC54DDA240A164500D3C38E /* Coupa_DemoUITests.m in Sources */ = {isa = PBXBuildFile; fileRef = BCC54DD9240A164500D3C38E /* Coupa_DemoUITests.m */; };
		BCC54DEC240A196E00D3C38E /* CategoryScreen.m in Sources */ = {isa = PBXBuildFile; fileRef = BCC54DEB240A196E00D3C38E /* CategoryScreen.m */; };
		BCC54DED240A196E00D3C38E /* CategoryScreen.m in Sources */ = {isa = PBXBuildFile; fileRef = BCC54DEB240A196E00D3C38E /* CategoryScreen.m */; };
		BCC54DEE240A196E00D3C38E /* CategoryScreen.m in Sources */ = {isa = PBXBuildFile; fileRef = BCC54DEB240A196E00D3C38E /* CategoryScreen.m */; };
		BCC54DF1240A1A5700D3C38E /* CategoryDataController.m in Sources */ = {isa = PBXBuildFile; fileRef = BCC54DF0240A1A5700D3C38E /* CategoryDataController.m */; };
		BCC54DF2240A1A5700D3C38E /* CategoryDataController.m in Sources */ = {isa = PBXBuildFile; fileRef = BCC54DF0240A1A5700D3C38E /* CategoryDataController.m */; };
		BCC54DF3240A1A5700D3C38E /* CategoryDataController.m in Sources */ = {isa = PBXBuildFile; fileRef = BCC54DF0240A1A5700D3C38E /* CategoryDataController.m */; };
		BCC54DF7240A1A9100D3C38E /* NetworkWrapper.m in Sources */ = {isa = PBXBuildFile; fileRef = BCC54DF6240A1A9100D3C38E /* NetworkWrapper.m */; };
		BCC54DF8240A1A9100D3C38E /* NetworkWrapper.m in Sources */ = {isa = PBXBuildFile; fileRef = BCC54DF6240A1A9100D3C38E /* NetworkWrapper.m */; };
		BCC54DF9240A1A9100D3C38E /* NetworkWrapper.m in Sources */ = {isa = PBXBuildFile; fileRef = BCC54DF6240A1A9100D3C38E /* NetworkWrapper.m */; };
		BCC54DFD240A1AC000D3C38E /* DetailScreen.m in Sources */ = {isa = PBXBuildFile; fileRef = BCC54DFC240A1AC000D3C38E /* DetailScreen.m */; };
		BCC54DFE240A1AC000D3C38E /* DetailScreen.m in Sources */ = {isa = PBXBuildFile; fileRef = BCC54DFC240A1AC000D3C38E /* DetailScreen.m */; };
		BCC54DFF240A1AC000D3C38E /* DetailScreen.m in Sources */ = {isa = PBXBuildFile; fileRef = BCC54DFC240A1AC000D3C38E /* DetailScreen.m */; };
		BCC54E02240A1AD900D3C38E /* DetailDataController.m in Sources */ = {isa = PBXBuildFile; fileRef = BCC54E01240A1AD900D3C38E /* DetailDataController.m */; };
		BCC54E03240A1AD900D3C38E /* DetailDataController.m in Sources */ = {isa = PBXBuildFile; fileRef = BCC54E01240A1AD900D3C38E /* DetailDataController.m */; };
		BCC54E04240A1AD900D3C38E /* DetailDataController.m in Sources */ = {isa = PBXBuildFile; fileRef = BCC54E01240A1AD900D3C38E /* DetailDataController.m */; };
		BCC54E07240A349D00D3C38E /* ImageDetails.m in Sources */ = {isa = PBXBuildFile; fileRef = BCC54E06240A349D00D3C38E /* ImageDetails.m */; };
		BCC54E08240A349D00D3C38E /* ImageDetails.m in Sources */ = {isa = PBXBuildFile; fileRef = BCC54E06240A349D00D3C38E /* ImageDetails.m */; };
		BCC54E09240A349D00D3C38E /* ImageDetails.m in Sources */ = {isa = PBXBuildFile; fileRef = BCC54E06240A349D00D3C38E /* ImageDetails.m */; };
		BCC54E10240A4EC100D3C38E /* CategoryCell.m in Sources */ = {isa = PBXBuildFile; fileRef = BCC54E0F240A4EC100D3C38E /* CategoryCell.m */; };
		BCC54E11240A4EC100D3C38E /* CategoryCell.m in Sources */ = {isa = PBXBuildFile; fileRef = BCC54E0F240A4EC100D3C38E /* CategoryCell.m */; };
		BCC54E12240A4EC100D3C38E /* CategoryCell.m in Sources */ = {isa = PBXBuildFile; fileRef = BCC54E0F240A4EC100D3C38E /* CategoryCell.m */; };
		BCC54E15240AD89600D3C38E /* ImagesCategory.m in Sources */ = {isa = PBXBuildFile; fileRef = BCC54E14240AD89600D3C38E /* ImagesCategory.m */; };
		BCC54E16240AD89600D3C38E /* ImagesCategory.m in Sources */ = {isa = PBXBuildFile; fileRef = BCC54E14240AD89600D3C38E /* ImagesCategory.m */; };
		BCC54E17240AD89600D3C38E /* ImagesCategory.m in Sources */ = {isa = PBXBuildFile; fileRef = BCC54E14240AD89600D3C38E /* ImagesCategory.m */; };
		BCC54E1D240AE76D00D3C38E /* LoadingImageView.m in Sources */ = {isa = PBXBuildFile; fileRef = BCC54E1B240AE76D00D3C38E /* LoadingImageView.m */; };
		BCC54E1E240AE76D00D3C38E /* LoadingImageView.m in Sources */ = {isa = PBXBuildFile; fileRef = BCC54E1B240AE76D00D3C38E /* LoadingImageView.m */; };
		BCC54E1F240AE76D00D3C38E /* LoadingImageView.m in Sources */ = {isa = PBXBuildFile; fileRef = BCC54E1B240AE76D00D3C38E /* LoadingImageView.m */; };
		BCC54E20240AE76D00D3C38E /* LoadingImageView.xib in Resources */ = {isa = PBXBuildFile; fileRef = BCC54E1C240AE76D00D3C38E /* LoadingImageView.xib */; };
		BCC54E21240AE76D00D3C38E /* LoadingImageView.xib in Resources */ = {isa = PBXBuildFile; fileRef = BCC54E1C240AE76D00D3C38E /* LoadingImageView.xib */; };
		BCC54E22240AE76D00D3C38E /* LoadingImageView.xib in Resources */ = {isa = PBXBuildFile; fileRef = BCC54E1C240AE76D00D3C38E /* LoadingImageView.xib */; };
		BCC54E25240B04F800D3C38E /* AsyncImageManager.m in Sources */ = {isa = PBXBuildFile; fileRef = BCC54E24240B04F800D3C38E /* AsyncImageManager.m */; };
		BCC54E26240B04F800D3C38E /* AsyncImageManager.m in Sources */ = {isa = PBXBuildFile; fileRef = BCC54E24240B04F800D3C38E /* AsyncImageManager.m */; };
		BCC54E27240B04F800D3C38E /* AsyncImageManager.m in Sources */ = {isa = PBXBuildFile; fileRef = BCC54E24240B04F800D3C38E /* AsyncImageManager.m */; };
		BCC54E31240B1CE800D3C38E /* DetailsCell.m in Sources */ = {isa = PBXBuildFile; fileRef = BCC54E2F240B1CE800D3C38E /* DetailsCell.m */; };
		BCC54E32240B1CE800D3C38E /* DetailsCell.m in Sources */ = {isa = PBXBuildFile; fileRef = BCC54E2F240B1CE800D3C38E /* DetailsCell.m */; };
		BCC54E33240B1CE800D3C38E /* DetailsCell.m in Sources */ = {isa = PBXBuildFile; fileRef = BCC54E2F240B1CE800D3C38E /* DetailsCell.m */; };
		BCC54E34240B1CE800D3C38E /* DetailsCell.xib in Resources */ = {isa = PBXBuildFile; fileRef = BCC54E30240B1CE800D3C38E /* DetailsCell.xib */; };
		BCC54E35240B1CE800D3C38E /* DetailsCell.xib in Resources */ = {isa = PBXBuildFile; fileRef = BCC54E30240B1CE800D3C38E /* DetailsCell.xib */; };
		BCC54E36240B1CE800D3C38E /* DetailsCell.xib in Resources */ = {isa = PBXBuildFile; fileRef = BCC54E30240B1CE800D3C38E /* DetailsCell.xib */; };
		BCC54E3B240B1F3600D3C38E /* MetaDataView.m in Sources */ = {isa = PBXBuildFile; fileRef = BCC54E39240B1F3600D3C38E /* MetaDataView.m */; };
		BCC54E3C240B1F3600D3C38E /* MetaDataView.m in Sources */ = {isa = PBXBuildFile; fileRef = BCC54E39240B1F3600D3C38E /* MetaDataView.m */; };
		BCC54E3D240B1F3600D3C38E /* MetaDataView.m in Sources */ = {isa = PBXBuildFile; fileRef = BCC54E39240B1F3600D3C38E /* MetaDataView.m */; };
		BCC54E3E240B1F3600D3C38E /* MetaDataView.xib in Resources */ = {isa = PBXBuildFile; fileRef = BCC54E3A240B1F3600D3C38E /* MetaDataView.xib */; };
		BCC54E3F240B1F3600D3C38E /* MetaDataView.xib in Resources */ = {isa = PBXBuildFile; fileRef = BCC54E3A240B1F3600D3C38E /* MetaDataView.xib */; };
		BCC54E40240B1F3600D3C38E /* MetaDataView.xib in Resources */ = {isa = PBXBuildFile; fileRef = BCC54E3A240B1F3600D3C38E /* MetaDataView.xib */; };
/* End PBXBuildFile section */

/* Begin PBXContainerItemProxy section */
		BCC54DCB240A164500D3C38E /* PBXContainerItemProxy */ = {
			isa = PBXContainerItemProxy;
			containerPortal = BCC54DA7240A163F00D3C38E /* Project object */;
			proxyType = 1;
			remoteGlobalIDString = BCC54DAE240A163F00D3C38E;
			remoteInfo = "Coupa-Demo";
		};
		BCC54DD6240A164500D3C38E /* PBXContainerItemProxy */ = {
			isa = PBXContainerItemProxy;
			containerPortal = BCC54DA7240A163F00D3C38E /* Project object */;
			proxyType = 1;
			remoteGlobalIDString = BCC54DAE240A163F00D3C38E;
			remoteInfo = "Coupa-Demo";
		};
/* End PBXContainerItemProxy section */

/* Begin PBXFileReference section */
		BCC54DAF240A164000D3C38E /* Coupa-Demo.app */ = {isa = PBXFileReference; explicitFileType = wrapper.application; includeInIndex = 0; path = "Coupa-Demo.app"; sourceTree = BUILT_PRODUCTS_DIR; };
		BCC54DB2240A164000D3C38E /* AppDelegate.h */ = {isa = PBXFileReference; lastKnownFileType = sourcecode.c.h; path = AppDelegate.h; sourceTree = "<group>"; };
		BCC54DB3240A164000D3C38E /* AppDelegate.m */ = {isa = PBXFileReference; lastKnownFileType = sourcecode.c.objc; path = AppDelegate.m; sourceTree = "<group>"; };
		BCC54DB5240A164000D3C38E /* SceneDelegate.h */ = {isa = PBXFileReference; lastKnownFileType = sourcecode.c.h; path = SceneDelegate.h; sourceTree = "<group>"; };
		BCC54DB6240A164000D3C38E /* SceneDelegate.m */ = {isa = PBXFileReference; lastKnownFileType = sourcecode.c.objc; path = SceneDelegate.m; sourceTree = "<group>"; };
		BCC54DBC240A164000D3C38E /* Base */ = {isa = PBXFileReference; lastKnownFileType = file.storyboard; name = Base; path = Base.lproj/Main.storyboard; sourceTree = "<group>"; };
		BCC54DBE240A164500D3C38E /* Assets.xcassets */ = {isa = PBXFileReference; lastKnownFileType = folder.assetcatalog; path = Assets.xcassets; sourceTree = "<group>"; };
		BCC54DC1240A164500D3C38E /* Base */ = {isa = PBXFileReference; lastKnownFileType = file.storyboard; name = Base; path = Base.lproj/LaunchScreen.storyboard; sourceTree = "<group>"; };
		BCC54DC3240A164500D3C38E /* Info.plist */ = {isa = PBXFileReference; lastKnownFileType = text.plist.xml; path = Info.plist; sourceTree = "<group>"; };
		BCC54DC4240A164500D3C38E /* main.m */ = {isa = PBXFileReference; lastKnownFileType = sourcecode.c.objc; path = main.m; sourceTree = "<group>"; };
		BCC54DCA240A164500D3C38E /* Coupa-DemoTests.xctest */ = {isa = PBXFileReference; explicitFileType = wrapper.cfbundle; includeInIndex = 0; path = "Coupa-DemoTests.xctest"; sourceTree = BUILT_PRODUCTS_DIR; };
		BCC54DCE240A164500D3C38E /* Coupa_DemoTests.m */ = {isa = PBXFileReference; lastKnownFileType = sourcecode.c.objc; path = Coupa_DemoTests.m; sourceTree = "<group>"; };
		BCC54DD0240A164500D3C38E /* Info.plist */ = {isa = PBXFileReference; lastKnownFileType = text.plist.xml; path = Info.plist; sourceTree = "<group>"; };
		BCC54DD5240A164500D3C38E /* Coupa-DemoUITests.xctest */ = {isa = PBXFileReference; explicitFileType = wrapper.cfbundle; includeInIndex = 0; path = "Coupa-DemoUITests.xctest"; sourceTree = BUILT_PRODUCTS_DIR; };
		BCC54DD9240A164500D3C38E /* Coupa_DemoUITests.m */ = {isa = PBXFileReference; lastKnownFileType = sourcecode.c.objc; path = Coupa_DemoUITests.m; sourceTree = "<group>"; };
		BCC54DDB240A164500D3C38E /* Info.plist */ = {isa = PBXFileReference; lastKnownFileType = text.plist.xml; path = Info.plist; sourceTree = "<group>"; };
		BCC54DEA240A196E00D3C38E /* CategoryScreen.h */ = {isa = PBXFileReference; lastKnownFileType = sourcecode.c.h; path = CategoryScreen.h; sourceTree = "<group>"; };
		BCC54DEB240A196E00D3C38E /* CategoryScreen.m */ = {isa = PBXFileReference; lastKnownFileType = sourcecode.c.objc; path = CategoryScreen.m; sourceTree = "<group>"; };
		BCC54DEF240A1A5700D3C38E /* CategoryDataController.h */ = {isa = PBXFileReference; lastKnownFileType = sourcecode.c.h; path = CategoryDataController.h; sourceTree = "<group>"; };
		BCC54DF0240A1A5700D3C38E /* CategoryDataController.m */ = {isa = PBXFileReference; lastKnownFileType = sourcecode.c.objc; path = CategoryDataController.m; sourceTree = "<group>"; };
		BCC54DF5240A1A9100D3C38E /* NetworkWrapper.h */ = {isa = PBXFileReference; lastKnownFileType = sourcecode.c.h; path = NetworkWrapper.h; sourceTree = "<group>"; };
		BCC54DF6240A1A9100D3C38E /* NetworkWrapper.m */ = {isa = PBXFileReference; lastKnownFileType = sourcecode.c.objc; path = NetworkWrapper.m; sourceTree = "<group>"; };
		BCC54DFB240A1AC000D3C38E /* DetailScreen.h */ = {isa = PBXFileReference; lastKnownFileType = sourcecode.c.h; path = DetailScreen.h; sourceTree = "<group>"; };
		BCC54DFC240A1AC000D3C38E /* DetailScreen.m */ = {isa = PBXFileReference; lastKnownFileType = sourcecode.c.objc; path = DetailScreen.m; sourceTree = "<group>"; };
		BCC54E00240A1AD900D3C38E /* DetailDataController.h */ = {isa = PBXFileReference; lastKnownFileType = sourcecode.c.h; path = DetailDataController.h; sourceTree = "<group>"; };
		BCC54E01240A1AD900D3C38E /* DetailDataController.m */ = {isa = PBXFileReference; lastKnownFileType = sourcecode.c.objc; path = DetailDataController.m; sourceTree = "<group>"; };
		BCC54E05240A349D00D3C38E /* ImageDetails.h */ = {isa = PBXFileReference; lastKnownFileType = sourcecode.c.h; path = ImageDetails.h; sourceTree = "<group>"; };
		BCC54E06240A349D00D3C38E /* ImageDetails.m */ = {isa = PBXFileReference; lastKnownFileType = sourcecode.c.objc; path = ImageDetails.m; sourceTree = "<group>"; };
		BCC54E0E240A4EC100D3C38E /* CategoryCell.h */ = {isa = PBXFileReference; lastKnownFileType = sourcecode.c.h; path = CategoryCell.h; sourceTree = "<group>"; };
		BCC54E0F240A4EC100D3C38E /* CategoryCell.m */ = {isa = PBXFileReference; lastKnownFileType = sourcecode.c.objc; path = CategoryCell.m; sourceTree = "<group>"; };
		BCC54E13240AD89600D3C38E /* ImagesCategory.h */ = {isa = PBXFileReference; lastKnownFileType = sourcecode.c.h; path = ImagesCategory.h; sourceTree = "<group>"; };
		BCC54E14240AD89600D3C38E /* ImagesCategory.m */ = {isa = PBXFileReference; lastKnownFileType = sourcecode.c.objc; path = ImagesCategory.m; sourceTree = "<group>"; };
		BCC54E18240ADAC700D3C38E /* AppConstants.pch */ = {isa = PBXFileReference; lastKnownFileType = sourcecode.c.h; path = AppConstants.pch; sourceTree = "<group>"; };
		BCC54E1A240AE76D00D3C38E /* LoadingImageView.h */ = {isa = PBXFileReference; lastKnownFileType = sourcecode.c.h; path = LoadingImageView.h; sourceTree = "<group>"; };
		BCC54E1B240AE76D00D3C38E /* LoadingImageView.m */ = {isa = PBXFileReference; lastKnownFileType = sourcecode.c.objc; path = LoadingImageView.m; sourceTree = "<group>"; };
		BCC54E1C240AE76D00D3C38E /* LoadingImageView.xib */ = {isa = PBXFileReference; lastKnownFileType = file.xib; path = LoadingImageView.xib; sourceTree = "<group>"; };
		BCC54E23240B04F800D3C38E /* AsyncImageManager.h */ = {isa = PBXFileReference; lastKnownFileType = sourcecode.c.h; path = AsyncImageManager.h; sourceTree = "<group>"; };
		BCC54E24240B04F800D3C38E /* AsyncImageManager.m */ = {isa = PBXFileReference; lastKnownFileType = sourcecode.c.objc; path = AsyncImageManager.m; sourceTree = "<group>"; };
		BCC54E2E240B1CE800D3C38E /* DetailsCell.h */ = {isa = PBXFileReference; lastKnownFileType = sourcecode.c.h; path = DetailsCell.h; sourceTree = "<group>"; };
		BCC54E2F240B1CE800D3C38E /* DetailsCell.m */ = {isa = PBXFileReference; lastKnownFileType = sourcecode.c.objc; path = DetailsCell.m; sourceTree = "<group>"; };
		BCC54E30240B1CE800D3C38E /* DetailsCell.xib */ = {isa = PBXFileReference; lastKnownFileType = file.xib; path = DetailsCell.xib; sourceTree = "<group>"; };
		BCC54E38240B1F3600D3C38E /* MetaDataView.h */ = {isa = PBXFileReference; lastKnownFileType = sourcecode.c.h; path = MetaDataView.h; sourceTree = "<group>"; };
		BCC54E39240B1F3600D3C38E /* MetaDataView.m */ = {isa = PBXFileReference; lastKnownFileType = sourcecode.c.objc; path = MetaDataView.m; sourceTree = "<group>"; };
		BCC54E3A240B1F3600D3C38E /* MetaDataView.xib */ = {isa = PBXFileReference; lastKnownFileType = file.xib; path = MetaDataView.xib; sourceTree = "<group>"; };
/* End PBXFileReference section */

/* Begin PBXFrameworksBuildPhase section */
		BCC54DAC240A163F00D3C38E /* Frameworks */ = {
			isa = PBXFrameworksBuildPhase;
			buildActionMask = 2147483647;
			files = (
			);
			runOnlyForDeploymentPostprocessing = 0;
		};
		BCC54DC7240A164500D3C38E /* Frameworks */ = {
			isa = PBXFrameworksBuildPhase;
			buildActionMask = 2147483647;
			files = (
			);
			runOnlyForDeploymentPostprocessing = 0;
		};
		BCC54DD2240A164500D3C38E /* Frameworks */ = {
			isa = PBXFrameworksBuildPhase;
			buildActionMask = 2147483647;
			files = (
			);
			runOnlyForDeploymentPostprocessing = 0;
		};
/* End PBXFrameworksBuildPhase section */

/* Begin PBXGroup section */
		BCC54DA6240A163F00D3C38E = {
			isa = PBXGroup;
			children = (
				BCC54DB1240A164000D3C38E /* Coupa-Demo */,
				BCC54DCD240A164500D3C38E /* Coupa-DemoTests */,
				BCC54DD8240A164500D3C38E /* Coupa-DemoUITests */,
				BCC54DB0240A164000D3C38E /* Products */,
			);
			sourceTree = "<group>";
		};
		BCC54DB0240A164000D3C38E /* Products */ = {
			isa = PBXGroup;
			children = (
				BCC54DAF240A164000D3C38E /* Coupa-Demo.app */,
				BCC54DCA240A164500D3C38E /* Coupa-DemoTests.xctest */,
				BCC54DD5240A164500D3C38E /* Coupa-DemoUITests.xctest */,
			);
			name = Products;
			sourceTree = "<group>";
		};
		BCC54DB1240A164000D3C38E /* Coupa-Demo */ = {
			isa = PBXGroup;
			children = (
				BCC54E28240B1B5E00D3C38E /* Utilities */,
				BCC54DFA240A1A9E00D3C38E /* DetailScreen */,
				BCC54DF4240A1A7A00D3C38E /* Wrapper */,
				BCC54DE9240A194500D3C38E /* CategoryScreen */,
				BCC54DE7240A192100D3C38E /* AppDelegate */,
				BCC54DE8240A192E00D3C38E /* SceneDelegate */,
				BCC54DBB240A164000D3C38E /* Main.storyboard */,
				BCC54DBE240A164500D3C38E /* Assets.xcassets */,
				BCC54DC0240A164500D3C38E /* LaunchScreen.storyboard */,
				BCC54DC3240A164500D3C38E /* Info.plist */,
				BCC54DC4240A164500D3C38E /* main.m */,
				BCC54E18240ADAC700D3C38E /* AppConstants.pch */,
			);
			path = "Coupa-Demo";
			sourceTree = "<group>";
		};
		BCC54DCD240A164500D3C38E /* Coupa-DemoTests */ = {
			isa = PBXGroup;
			children = (
				BCC54DCE240A164500D3C38E /* Coupa_DemoTests.m */,
				BCC54DD0240A164500D3C38E /* Info.plist */,
			);
			path = "Coupa-DemoTests";
			sourceTree = "<group>";
		};
		BCC54DD8240A164500D3C38E /* Coupa-DemoUITests */ = {
			isa = PBXGroup;
			children = (
				BCC54DD9240A164500D3C38E /* Coupa_DemoUITests.m */,
				BCC54DDB240A164500D3C38E /* Info.plist */,
			);
			path = "Coupa-DemoUITests";
			sourceTree = "<group>";
		};
		BCC54DE7240A192100D3C38E /* AppDelegate */ = {
			isa = PBXGroup;
			children = (
				BCC54DB2240A164000D3C38E /* AppDelegate.h */,
				BCC54DB3240A164000D3C38E /* AppDelegate.m */,
			);
			path = AppDelegate;
			sourceTree = "<group>";
		};
		BCC54DE8240A192E00D3C38E /* SceneDelegate */ = {
			isa = PBXGroup;
			children = (
				BCC54DB5240A164000D3C38E /* SceneDelegate.h */,
				BCC54DB6240A164000D3C38E /* SceneDelegate.m */,
			);
			path = SceneDelegate;
			sourceTree = "<group>";
		};
		BCC54DE9240A194500D3C38E /* CategoryScreen */ = {
			isa = PBXGroup;
			children = (
				BCC54DEA240A196E00D3C38E /* CategoryScreen.h */,
				BCC54DEB240A196E00D3C38E /* CategoryScreen.m */,
				BCC54DEF240A1A5700D3C38E /* CategoryDataController.h */,
				BCC54DF0240A1A5700D3C38E /* CategoryDataController.m */,
				BCC54E0E240A4EC100D3C38E /* CategoryCell.h */,
				BCC54E0F240A4EC100D3C38E /* CategoryCell.m */,
			);
			path = CategoryScreen;
			sourceTree = "<group>";
		};
		BCC54DF4240A1A7A00D3C38E /* Wrapper */ = {
			isa = PBXGroup;
			children = (
				BCC54DF5240A1A9100D3C38E /* NetworkWrapper.h */,
				BCC54DF6240A1A9100D3C38E /* NetworkWrapper.m */,
			);
			path = Wrapper;
			sourceTree = "<group>";
		};
		BCC54DFA240A1A9E00D3C38E /* DetailScreen */ = {
			isa = PBXGroup;
			children = (
				BCC54DFB240A1AC000D3C38E /* DetailScreen.h */,
				BCC54DFC240A1AC000D3C38E /* DetailScreen.m */,
				BCC54E00240A1AD900D3C38E /* DetailDataController.h */,
				BCC54E01240A1AD900D3C38E /* DetailDataController.m */,
				BCC54E2E240B1CE800D3C38E /* DetailsCell.h */,
				BCC54E2F240B1CE800D3C38E /* DetailsCell.m */,
				BCC54E30240B1CE800D3C38E /* DetailsCell.xib */,
			);
			path = DetailScreen;
			sourceTree = "<group>";
		};
		BCC54E28240B1B5E00D3C38E /* Utilities */ = {
			isa = PBXGroup;
			children = (
				BCC54E2C240B1BA000D3C38E /* Helpers */,
				BCC54E2A240B1B8900D3C38E /* UIComponents */,
				BCC54E29240B1B6B00D3C38E /* Models */,
			);
			path = Utilities;
			sourceTree = "<group>";
		};
		BCC54E29240B1B6B00D3C38E /* Models */ = {
			isa = PBXGroup;
			children = (
				BCC54E05240A349D00D3C38E /* ImageDetails.h */,
				BCC54E06240A349D00D3C38E /* ImageDetails.m */,
				BCC54E13240AD89600D3C38E /* ImagesCategory.h */,
				BCC54E14240AD89600D3C38E /* ImagesCategory.m */,
			);
			path = Models;
			sourceTree = "<group>";
		};
		BCC54E2A240B1B8900D3C38E /* UIComponents */ = {
			isa = PBXGroup;
			children = (
				BCC54E37240B1F1300D3C38E /* MetadataView */,
				BCC54E2B240B1B9200D3C38E /* LoadingImageView */,
			);
			path = UIComponents;
			sourceTree = "<group>";
		};
		BCC54E2B240B1B9200D3C38E /* LoadingImageView */ = {
			isa = PBXGroup;
			children = (
				BCC54E1A240AE76D00D3C38E /* LoadingImageView.h */,
				BCC54E1B240AE76D00D3C38E /* LoadingImageView.m */,
				BCC54E1C240AE76D00D3C38E /* LoadingImageView.xib */,
			);
			path = LoadingImageView;
			sourceTree = "<group>";
		};
		BCC54E2C240B1BA000D3C38E /* Helpers */ = {
			isa = PBXGroup;
			children = (
				BCC54E2D240B1BA600D3C38E /* AsyncImageManager */,
			);
			path = Helpers;
			sourceTree = "<group>";
		};
		BCC54E2D240B1BA600D3C38E /* AsyncImageManager */ = {
			isa = PBXGroup;
			children = (
				BCC54E23240B04F800D3C38E /* AsyncImageManager.h */,
				BCC54E24240B04F800D3C38E /* AsyncImageManager.m */,
			);
			path = AsyncImageManager;
			sourceTree = "<group>";
		};
		BCC54E37240B1F1300D3C38E /* MetadataView */ = {
			isa = PBXGroup;
			children = (
				BCC54E38240B1F3600D3C38E /* MetaDataView.h */,
				BCC54E39240B1F3600D3C38E /* MetaDataView.m */,
				BCC54E3A240B1F3600D3C38E /* MetaDataView.xib */,
			);
			path = MetadataView;
			sourceTree = "<group>";
		};
/* End PBXGroup section */

/* Begin PBXNativeTarget section */
		BCC54DAE240A163F00D3C38E /* Coupa-Demo */ = {
			isa = PBXNativeTarget;
			buildConfigurationList = BCC54DDE240A164500D3C38E /* Build configuration list for PBXNativeTarget "Coupa-Demo" */;
			buildPhases = (
				BCC54DAB240A163F00D3C38E /* Sources */,
				BCC54DAC240A163F00D3C38E /* Frameworks */,
				BCC54DAD240A163F00D3C38E /* Resources */,
			);
			buildRules = (
			);
			dependencies = (
			);
			name = "Coupa-Demo";
			productName = "Coupa-Demo";
			productReference = BCC54DAF240A164000D3C38E /* Coupa-Demo.app */;
			productType = "com.apple.product-type.application";
		};
		BCC54DC9240A164500D3C38E /* Coupa-DemoTests */ = {
			isa = PBXNativeTarget;
			buildConfigurationList = BCC54DE1240A164500D3C38E /* Build configuration list for PBXNativeTarget "Coupa-DemoTests" */;
			buildPhases = (
				BCC54DC6240A164500D3C38E /* Sources */,
				BCC54DC7240A164500D3C38E /* Frameworks */,
				BCC54DC8240A164500D3C38E /* Resources */,
			);
			buildRules = (
			);
			dependencies = (
				BCC54DCC240A164500D3C38E /* PBXTargetDependency */,
			);
			name = "Coupa-DemoTests";
			productName = "Coupa-DemoTests";
			productReference = BCC54DCA240A164500D3C38E /* Coupa-DemoTests.xctest */;
			productType = "com.apple.product-type.bundle.unit-test";
		};
		BCC54DD4240A164500D3C38E /* Coupa-DemoUITests */ = {
			isa = PBXNativeTarget;
			buildConfigurationList = BCC54DE4240A164500D3C38E /* Build configuration list for PBXNativeTarget "Coupa-DemoUITests" */;
			buildPhases = (
				BCC54DD1240A164500D3C38E /* Sources */,
				BCC54DD2240A164500D3C38E /* Frameworks */,
				BCC54DD3240A164500D3C38E /* Resources */,
			);
			buildRules = (
			);
			dependencies = (
				BCC54DD7240A164500D3C38E /* PBXTargetDependency */,
			);
			name = "Coupa-DemoUITests";
			productName = "Coupa-DemoUITests";
			productReference = BCC54DD5240A164500D3C38E /* Coupa-DemoUITests.xctest */;
			productType = "com.apple.product-type.bundle.ui-testing";
		};
/* End PBXNativeTarget section */

/* Begin PBXProject section */
		BCC54DA7240A163F00D3C38E /* Project object */ = {
			isa = PBXProject;
			attributes = {
				LastUpgradeCheck = 1130;
				ORGANIZATIONNAME = "Ankit Thanekar";
				TargetAttributes = {
					BCC54DAE240A163F00D3C38E = {
						CreatedOnToolsVersion = 11.3.1;
					};
					BCC54DC9240A164500D3C38E = {
						CreatedOnToolsVersion = 11.3.1;
						TestTargetID = BCC54DAE240A163F00D3C38E;
					};
					BCC54DD4240A164500D3C38E = {
						CreatedOnToolsVersion = 11.3.1;
						TestTargetID = BCC54DAE240A163F00D3C38E;
					};
				};
			};
			buildConfigurationList = BCC54DAA240A163F00D3C38E /* Build configuration list for PBXProject "Coupa-Demo" */;
			compatibilityVersion = "Xcode 9.3";
			developmentRegion = en;
			hasScannedForEncodings = 0;
			knownRegions = (
				en,
				Base,
			);
			mainGroup = BCC54DA6240A163F00D3C38E;
			productRefGroup = BCC54DB0240A164000D3C38E /* Products */;
			projectDirPath = "";
			projectRoot = "";
			targets = (
				BCC54DAE240A163F00D3C38E /* Coupa-Demo */,
				BCC54DC9240A164500D3C38E /* Coupa-DemoTests */,
				BCC54DD4240A164500D3C38E /* Coupa-DemoUITests */,
			);
		};
/* End PBXProject section */

/* Begin PBXResourcesBuildPhase section */
		BCC54DAD240A163F00D3C38E /* Resources */ = {
			isa = PBXResourcesBuildPhase;
			buildActionMask = 2147483647;
			files = (
				BCC54DC2240A164500D3C38E /* LaunchScreen.storyboard in Resources */,
				BCC54E20240AE76D00D3C38E /* LoadingImageView.xib in Resources */,
				BCC54DBF240A164500D3C38E /* Assets.xcassets in Resources */,
				BCC54E34240B1CE800D3C38E /* DetailsCell.xib in Resources */,
				BCC54DBD240A164000D3C38E /* Main.storyboard in Resources */,
				BCC54E3E240B1F3600D3C38E /* MetaDataView.xib in Resources */,
			);
			runOnlyForDeploymentPostprocessing = 0;
		};
		BCC54DC8240A164500D3C38E /* Resources */ = {
			isa = PBXResourcesBuildPhase;
			buildActionMask = 2147483647;
			files = (
				BCC54E35240B1CE800D3C38E /* DetailsCell.xib in Resources */,
				BCC54E21240AE76D00D3C38E /* LoadingImageView.xib in Resources */,
				BCC54E3F240B1F3600D3C38E /* MetaDataView.xib in Resources */,
			);
			runOnlyForDeploymentPostprocessing = 0;
		};
		BCC54DD3240A164500D3C38E /* Resources */ = {
			isa = PBXResourcesBuildPhase;
			buildActionMask = 2147483647;
			files = (
				BCC54E36240B1CE800D3C38E /* DetailsCell.xib in Resources */,
				BCC54E22240AE76D00D3C38E /* LoadingImageView.xib in Resources */,
				BCC54E40240B1F3600D3C38E /* MetaDataView.xib in Resources */,
			);
			runOnlyForDeploymentPostprocessing = 0;
		};
/* End PBXResourcesBuildPhase section */

/* Begin PBXSourcesBuildPhase section */
		BCC54DAB240A163F00D3C38E /* Sources */ = {
			isa = PBXSourcesBuildPhase;
			buildActionMask = 2147483647;
			files = (
				BCC54DB4240A164000D3C38E /* AppDelegate.m in Sources */,
				BCC54E10240A4EC100D3C38E /* CategoryCell.m in Sources */,
				BCC54DFD240A1AC000D3C38E /* DetailScreen.m in Sources */,
				BCC54E15240AD89600D3C38E /* ImagesCategory.m in Sources */,
				BCC54E3B240B1F3600D3C38E /* MetaDataView.m in Sources */,
				BCC54E25240B04F800D3C38E /* AsyncImageManager.m in Sources */,
				BCC54E02240A1AD900D3C38E /* DetailDataController.m in Sources */,
				BCC54E1D240AE76D00D3C38E /* LoadingImageView.m in Sources */,
				BCC54DEC240A196E00D3C38E /* CategoryScreen.m in Sources */,
				BCC54DF1240A1A5700D3C38E /* CategoryDataController.m in Sources */,
				BCC54E07240A349D00D3C38E /* ImageDetails.m in Sources */,
				BCC54DC5240A164500D3C38E /* main.m in Sources */,
				BCC54DF7240A1A9100D3C38E /* NetworkWrapper.m in Sources */,
				BCC54E31240B1CE800D3C38E /* DetailsCell.m in Sources */,
				BCC54DB7240A164000D3C38E /* SceneDelegate.m in Sources */,
			);
			runOnlyForDeploymentPostprocessing = 0;
		};
		BCC54DC6240A164500D3C38E /* Sources */ = {
			isa = PBXSourcesBuildPhase;
			buildActionMask = 2147483647;
			files = (
				BCC54DCF240A164500D3C38E /* Coupa_DemoTests.m in Sources */,
				BCC54E16240AD89600D3C38E /* ImagesCategory.m in Sources */,
				BCC54E3C240B1F3600D3C38E /* MetaDataView.m in Sources */,
				BCC54E32240B1CE800D3C38E /* DetailsCell.m in Sources */,
				BCC54DED240A196E00D3C38E /* CategoryScreen.m in Sources */,
				BCC54E1E240AE76D00D3C38E /* LoadingImageView.m in Sources */,
				BCC54DFE240A1AC000D3C38E /* DetailScreen.m in Sources */,
				BCC54E08240A349D00D3C38E /* ImageDetails.m in Sources */,
				BCC54DF8240A1A9100D3C38E /* NetworkWrapper.m in Sources */,
				BCC54E03240A1AD900D3C38E /* DetailDataController.m in Sources */,
				BCC54DF2240A1A5700D3C38E /* CategoryDataController.m in Sources */,
				BCC54E11240A4EC100D3C38E /* CategoryCell.m in Sources */,
				BCC54E26240B04F800D3C38E /* AsyncImageManager.m in Sources */,
			);
			runOnlyForDeploymentPostprocessing = 0;
		};
		BCC54DD1240A164500D3C38E /* Sources */ = {
			isa = PBXSourcesBuildPhase;
			buildActionMask = 2147483647;
			files = (
				BCC54DDA240A164500D3C38E /* Coupa_DemoUITests.m in Sources */,
				BCC54E17240AD89600D3C38E /* ImagesCategory.m in Sources */,
				BCC54E3D240B1F3600D3C38E /* MetaDataView.m in Sources */,
				BCC54E33240B1CE800D3C38E /* DetailsCell.m in Sources */,
				BCC54DEE240A196E00D3C38E /* CategoryScreen.m in Sources */,
				BCC54E1F240AE76D00D3C38E /* LoadingImageView.m in Sources */,
				BCC54DFF240A1AC000D3C38E /* DetailScreen.m in Sources */,
				BCC54E09240A349D00D3C38E /* ImageDetails.m in Sources */,
				BCC54DF9240A1A9100D3C38E /* NetworkWrapper.m in Sources */,
				BCC54E04240A1AD900D3C38E /* DetailDataController.m in Sources */,
				BCC54DF3240A1A5700D3C38E /* CategoryDataController.m in Sources */,
				BCC54E12240A4EC100D3C38E /* CategoryCell.m in Sources */,
				BCC54E27240B04F800D3C38E /* AsyncImageManager.m in Sources */,
			);
			runOnlyForDeploymentPostprocessing = 0;
		};
/* End PBXSourcesBuildPhase section */

/* Begin PBXTargetDependency section */
		BCC54DCC240A164500D3C38E /* PBXTargetDependency */ = {
			isa = PBXTargetDependency;
			target = BCC54DAE240A163F00D3C38E /* Coupa-Demo */;
			targetProxy = BCC54DCB240A164500D3C38E /* PBXContainerItemProxy */;
		};
		BCC54DD7240A164500D3C38E /* PBXTargetDependency */ = {
			isa = PBXTargetDependency;
			target = BCC54DAE240A163F00D3C38E /* Coupa-Demo */;
			targetProxy = BCC54DD6240A164500D3C38E /* PBXContainerItemProxy */;
		};
/* End PBXTargetDependency section */

/* Begin PBXVariantGroup section */
		BCC54DBB240A164000D3C38E /* Main.storyboard */ = {
			isa = PBXVariantGroup;
			children = (
				BCC54DBC240A164000D3C38E /* Base */,
			);
			name = Main.storyboard;
			sourceTree = "<group>";
		};
		BCC54DC0240A164500D3C38E /* LaunchScreen.storyboard */ = {
			isa = PBXVariantGroup;
			children = (
				BCC54DC1240A164500D3C38E /* Base */,
			);
			name = LaunchScreen.storyboard;
			sourceTree = "<group>";
		};
/* End PBXVariantGroup section */

/* Begin XCBuildConfiguration section */
		BCC54DDC240A164500D3C38E /* Debug */ = {
			isa = XCBuildConfiguration;
			buildSettings = {
				ALWAYS_SEARCH_USER_PATHS = NO;
				CLANG_ANALYZER_NONNULL = YES;
				CLANG_ANALYZER_NUMBER_OBJECT_CONVERSION = YES_AGGRESSIVE;
				CLANG_CXX_LANGUAGE_STANDARD = "gnu++14";
				CLANG_CXX_LIBRARY = "libc++";
				CLANG_ENABLE_MODULES = YES;
				CLANG_ENABLE_OBJC_ARC = YES;
				CLANG_ENABLE_OBJC_WEAK = YES;
				CLANG_WARN_BLOCK_CAPTURE_AUTORELEASING = YES;
				CLANG_WARN_BOOL_CONVERSION = YES;
				CLANG_WARN_COMMA = YES;
				CLANG_WARN_CONSTANT_CONVERSION = YES;
				CLANG_WARN_DEPRECATED_OBJC_IMPLEMENTATIONS = YES;
				CLANG_WARN_DIRECT_OBJC_ISA_USAGE = YES_ERROR;
				CLANG_WARN_DOCUMENTATION_COMMENTS = YES;
				CLANG_WARN_EMPTY_BODY = YES;
				CLANG_WARN_ENUM_CONVERSION = YES;
				CLANG_WARN_INFINITE_RECURSION = YES;
				CLANG_WARN_INT_CONVERSION = YES;
				CLANG_WARN_NON_LITERAL_NULL_CONVERSION = YES;
				CLANG_WARN_OBJC_IMPLICIT_RETAIN_SELF = YES;
				CLANG_WARN_OBJC_LITERAL_CONVERSION = YES;
				CLANG_WARN_OBJC_ROOT_CLASS = YES_ERROR;
				CLANG_WARN_RANGE_LOOP_ANALYSIS = YES;
				CLANG_WARN_STRICT_PROTOTYPES = YES;
				CLANG_WARN_SUSPICIOUS_MOVE = YES;
				CLANG_WARN_UNGUARDED_AVAILABILITY = YES_AGGRESSIVE;
				CLANG_WARN_UNREACHABLE_CODE = YES;
				CLANG_WARN__DUPLICATE_METHOD_MATCH = YES;
				COPY_PHASE_STRIP = NO;
				DEBUG_INFORMATION_FORMAT = dwarf;
				ENABLE_STRICT_OBJC_MSGSEND = YES;
				ENABLE_TESTABILITY = YES;
				GCC_C_LANGUAGE_STANDARD = gnu11;
				GCC_DYNAMIC_NO_PIC = NO;
				GCC_NO_COMMON_BLOCKS = YES;
				GCC_OPTIMIZATION_LEVEL = 0;
				GCC_PREPROCESSOR_DEFINITIONS = (
					"DEBUG=1",
					"$(inherited)",
				);
				GCC_WARN_64_TO_32_BIT_CONVERSION = YES;
				GCC_WARN_ABOUT_RETURN_TYPE = YES_ERROR;
				GCC_WARN_UNDECLARED_SELECTOR = YES;
				GCC_WARN_UNINITIALIZED_AUTOS = YES_AGGRESSIVE;
				GCC_WARN_UNUSED_FUNCTION = YES;
				GCC_WARN_UNUSED_VARIABLE = YES;
				IPHONEOS_DEPLOYMENT_TARGET = 13.2;
				MTL_ENABLE_DEBUG_INFO = INCLUDE_SOURCE;
				MTL_FAST_MATH = YES;
				ONLY_ACTIVE_ARCH = YES;
				SDKROOT = iphoneos;
			};
			name = Debug;
		};
		BCC54DDD240A164500D3C38E /* Release */ = {
			isa = XCBuildConfiguration;
			buildSettings = {
				ALWAYS_SEARCH_USER_PATHS = NO;
				CLANG_ANALYZER_NONNULL = YES;
				CLANG_ANALYZER_NUMBER_OBJECT_CONVERSION = YES_AGGRESSIVE;
				CLANG_CXX_LANGUAGE_STANDARD = "gnu++14";
				CLANG_CXX_LIBRARY = "libc++";
				CLANG_ENABLE_MODULES = YES;
				CLANG_ENABLE_OBJC_ARC = YES;
				CLANG_ENABLE_OBJC_WEAK = YES;
				CLANG_WARN_BLOCK_CAPTURE_AUTORELEASING = YES;
				CLANG_WARN_BOOL_CONVERSION = YES;
				CLANG_WARN_COMMA = YES;
				CLANG_WARN_CONSTANT_CONVERSION = YES;
				CLANG_WARN_DEPRECATED_OBJC_IMPLEMENTATIONS = YES;
				CLANG_WARN_DIRECT_OBJC_ISA_USAGE = YES_ERROR;
				CLANG_WARN_DOCUMENTATION_COMMENTS = YES;
				CLANG_WARN_EMPTY_BODY = YES;
				CLANG_WARN_ENUM_CONVERSION = YES;
				CLANG_WARN_INFINITE_RECURSION = YES;
				CLANG_WARN_INT_CONVERSION = YES;
				CLANG_WARN_NON_LITERAL_NULL_CONVERSION = YES;
				CLANG_WARN_OBJC_IMPLICIT_RETAIN_SELF = YES;
				CLANG_WARN_OBJC_LITERAL_CONVERSION = YES;
				CLANG_WARN_OBJC_ROOT_CLASS = YES_ERROR;
				CLANG_WARN_RANGE_LOOP_ANALYSIS = YES;
				CLANG_WARN_STRICT_PROTOTYPES = YES;
				CLANG_WARN_SUSPICIOUS_MOVE = YES;
				CLANG_WARN_UNGUARDED_AVAILABILITY = YES_AGGRESSIVE;
				CLANG_WARN_UNREACHABLE_CODE = YES;
				CLANG_WARN__DUPLICATE_METHOD_MATCH = YES;
				COPY_PHASE_STRIP = NO;
				DEBUG_INFORMATION_FORMAT = "dwarf-with-dsym";
				ENABLE_NS_ASSERTIONS = NO;
				ENABLE_STRICT_OBJC_MSGSEND = YES;
				GCC_C_LANGUAGE_STANDARD = gnu11;
				GCC_NO_COMMON_BLOCKS = YES;
				GCC_WARN_64_TO_32_BIT_CONVERSION = YES;
				GCC_WARN_ABOUT_RETURN_TYPE = YES_ERROR;
				GCC_WARN_UNDECLARED_SELECTOR = YES;
				GCC_WARN_UNINITIALIZED_AUTOS = YES_AGGRESSIVE;
				GCC_WARN_UNUSED_FUNCTION = YES;
				GCC_WARN_UNUSED_VARIABLE = YES;
				IPHONEOS_DEPLOYMENT_TARGET = 13.2;
				MTL_ENABLE_DEBUG_INFO = NO;
				MTL_FAST_MATH = YES;
				SDKROOT = iphoneos;
				VALIDATE_PRODUCT = YES;
			};
			name = Release;
		};
		BCC54DDF240A164500D3C38E /* Debug */ = {
			isa = XCBuildConfiguration;
			buildSettings = {
				ASSETCATALOG_COMPILER_APPICON_NAME = AppIcon;
				CODE_SIGN_STYLE = Automatic;
				DEVELOPMENT_TEAM = 7MS96A83MZ;
				GCC_PRECOMPILE_PREFIX_HEADER = YES;
				GCC_PREFIX_HEADER = "Coupa-Demo/AppConstants.pch";
				INFOPLIST_FILE = "Coupa-Demo/Info.plist";
				LD_RUNPATH_SEARCH_PATHS = (
					"$(inherited)",
					"@executable_path/Frameworks",
				);
				PRODUCT_BUNDLE_IDENTIFIER = "com.ankit-t.Coupa-Demo";
				PRODUCT_NAME = "$(TARGET_NAME)";
				TARGETED_DEVICE_FAMILY = "1,2";
			};
			name = Debug;
		};
		BCC54DE0240A164500D3C38E /* Release */ = {
			isa = XCBuildConfiguration;
			buildSettings = {
				ASSETCATALOG_COMPILER_APPICON_NAME = AppIcon;
				CODE_SIGN_STYLE = Automatic;
				DEVELOPMENT_TEAM = 7MS96A83MZ;
				GCC_PRECOMPILE_PREFIX_HEADER = YES;
				GCC_PREFIX_HEADER = "Coupa-Demo/AppConstants.pch";
				INFOPLIST_FILE = "Coupa-Demo/Info.plist";
				LD_RUNPATH_SEARCH_PATHS = (
					"$(inherited)",
					"@executable_path/Frameworks",
				);
				PRODUCT_BUNDLE_IDENTIFIER = "com.ankit-t.Coupa-Demo";
				PRODUCT_NAME = "$(TARGET_NAME)";
				TARGETED_DEVICE_FAMILY = "1,2";
			};
			name = Release;
		};
		BCC54DE2240A164500D3C38E /* Debug */ = {
			isa = XCBuildConfiguration;
			buildSettings = {
				BUNDLE_LOADER = "$(TEST_HOST)";
				CODE_SIGN_STYLE = Automatic;
				DEVELOPMENT_TEAM = 7MS96A83MZ;
				INFOPLIST_FILE = "Coupa-DemoTests/Info.plist";
				IPHONEOS_DEPLOYMENT_TARGET = 13.2;
				LD_RUNPATH_SEARCH_PATHS = (
					"$(inherited)",
					"@executable_path/Frameworks",
					"@loader_path/Frameworks",
				);
				PRODUCT_BUNDLE_IDENTIFIER = "com.ankit-t.Coupa-DemoTests";
				PRODUCT_NAME = "$(TARGET_NAME)";
				TARGETED_DEVICE_FAMILY = "1,2";
				TEST_HOST = "$(BUILT_PRODUCTS_DIR)/Coupa-Demo.app/Coupa-Demo";
			};
			name = Debug;
		};
		BCC54DE3240A164500D3C38E /* Release */ = {
			isa = XCBuildConfiguration;
			buildSettings = {
				BUNDLE_LOADER = "$(TEST_HOST)";
				CODE_SIGN_STYLE = Automatic;
				DEVELOPMENT_TEAM = 7MS96A83MZ;
				INFOPLIST_FILE = "Coupa-DemoTests/Info.plist";
				IPHONEOS_DEPLOYMENT_TARGET = 13.2;
				LD_RUNPATH_SEARCH_PATHS = (
					"$(inherited)",
					"@executable_path/Frameworks",
					"@loader_path/Frameworks",
				);
				PRODUCT_BUNDLE_IDENTIFIER = "com.ankit-t.Coupa-DemoTests";
				PRODUCT_NAME = "$(TARGET_NAME)";
				TARGETED_DEVICE_FAMILY = "1,2";
				TEST_HOST = "$(BUILT_PRODUCTS_DIR)/Coupa-Demo.app/Coupa-Demo";
			};
			name = Release;
		};
		BCC54DE5240A164500D3C38E /* Debug */ = {
			isa = XCBuildConfiguration;
			buildSettings = {
				CODE_SIGN_STYLE = Automatic;
				DEVELOPMENT_TEAM = 7MS96A83MZ;
				INFOPLIST_FILE = "Coupa-DemoUITests/Info.plist";
				LD_RUNPATH_SEARCH_PATHS = (
					"$(inherited)",
					"@executable_path/Frameworks",
					"@loader_path/Frameworks",
				);
				PRODUCT_BUNDLE_IDENTIFIER = "com.ankit-t.Coupa-DemoUITests";
				PRODUCT_NAME = "$(TARGET_NAME)";
				TARGETED_DEVICE_FAMILY = "1,2";
				TEST_TARGET_NAME = "Coupa-Demo";
			};
			name = Debug;
		};
		BCC54DE6240A164500D3C38E /* Release */ = {
			isa = XCBuildConfiguration;
			buildSettings = {
				CODE_SIGN_STYLE = Automatic;
				DEVELOPMENT_TEAM = 7MS96A83MZ;
				INFOPLIST_FILE = "Coupa-DemoUITests/Info.plist";
				LD_RUNPATH_SEARCH_PATHS = (
					"$(inherited)",
					"@executable_path/Frameworks",
					"@loader_path/Frameworks",
				);
				PRODUCT_BUNDLE_IDENTIFIER = "com.ankit-t.Coupa-DemoUITests";
				PRODUCT_NAME = "$(TARGET_NAME)";
				TARGETED_DEVICE_FAMILY = "1,2";
				TEST_TARGET_NAME = "Coupa-Demo";
			};
			name = Release;
		};
/* End XCBuildConfiguration section */

/* Begin XCConfigurationList section */
		BCC54DAA240A163F00D3C38E /* Build configuration list for PBXProject "Coupa-Demo" */ = {
			isa = XCConfigurationList;
			buildConfigurations = (
				BCC54DDC240A164500D3C38E /* Debug */,
				BCC54DDD240A164500D3C38E /* Release */,
			);
			defaultConfigurationIsVisible = 0;
			defaultConfigurationName = Release;
		};
		BCC54DDE240A164500D3C38E /* Build configuration list for PBXNativeTarget "Coupa-Demo" */ = {
			isa = XCConfigurationList;
			buildConfigurations = (
				BCC54DDF240A164500D3C38E /* Debug */,
				BCC54DE0240A164500D3C38E /* Release */,
			);
			defaultConfigurationIsVisible = 0;
			defaultConfigurationName = Release;
		};
		BCC54DE1240A164500D3C38E /* Build configuration list for PBXNativeTarget "Coupa-DemoTests" */ = {
			isa = XCConfigurationList;
			buildConfigurations = (
				BCC54DE2240A164500D3C38E /* Debug */,
				BCC54DE3240A164500D3C38E /* Release */,
			);
			defaultConfigurationIsVisible = 0;
			defaultConfigurationName = Release;
		};
		BCC54DE4240A164500D3C38E /* Build configuration list for PBXNativeTarget "Coupa-DemoUITests" */ = {
			isa = XCConfigurationList;
			buildConfigurations = (
				BCC54DE5240A164500D3C38E /* Debug */,
				BCC54DE6240A164500D3C38E /* Release */,
			);
			defaultConfigurationIsVisible = 0;
			defaultConfigurationName = Release;
		};
/* End XCConfigurationList section */
	};
	rootObject = BCC54DA7240A163F00D3C38E /* Project object */;
}
